
Microsoft Visual Studio Solution File, Format Version 12.00
# Visual Studio Version 16
VisualStudioVersion = 16.0.30128.74
MinimumVisualStudioVersion = 10.0.40219.1
Project("{9A19103F-16F7-4668-BE54-9A1E7A4F7556}") = "InvoiceManagement.WebApi", "InvoiceManagement.WebApi\InvoiceManagement.WebApi.csproj", "{786C54F8-1E98-4F4C-AFA7-905AD960B355}"
EndProject
Project("{FAE04EC0-301F-11D3-BF4B-00C04F79EFBC}") = "InvoiceManagement.Domain", "InvoiceManagement.Domain\InvoiceManagement.Domain.csproj", "{024FA53A-4174-46C8-B843-328B4EFBA9C8}"
EndProject
Project("{FAE04EC0-301F-11D3-BF4B-00C04F79EFBC}") = "InvoiceManagement.Application", "InvoiceManagement.Application\InvoiceManagement.Application.csproj", "{03596397-9E5E-4E4C-ABB0-8E7585E07403}"
EndProject
Project("{FAE04EC0-301F-11D3-BF4B-00C04F79EFBC}") = "InvoiceManagement.Infrastructure", "InvoiceManagement.Infrastructure\InvoiceManagement.Infrastructure.csproj", "{FE3007FA-0941-4A75-9697-C22CB1CA8F15}"
EndProject
Global
	GlobalSection(SolutionConfigurationPlatforms) = preSolution
		Debug|Any CPU = Debug|Any CPU
		Release|Any CPU = Release|Any CPU
	EndGlobalSection
	GlobalSection(ProjectConfigurationPlatforms) = postSolution
		{786C54F8-1E98-4F4C-AFA7-905AD960B355}.Debug|Any CPU.ActiveCfg = Debug|Any CPU
		{786C54F8-1E98-4F4C-AFA7-905AD960B355}.Debug|Any CPU.Build.0 = Debug|Any CPU
		{786C54F8-1E98-4F4C-AFA7-905AD960B355}.Release|Any CPU.ActiveCfg = Release|Any CPU
		{786C54F8-1E98-4F4C-AFA7-905AD960B355}.Release|Any CPU.Build.0 = Release|Any CPU
		{024FA53A-4174-46C8-B843-328B4EFBA9C8}.Debug|Any CPU.ActiveCfg = Debug|Any CPU
		{024FA53A-4174-46C8-B843-328B4EFBA9C8}.Debug|Any CPU.Build.0 = Debug|Any CPU
		{024FA53A-4174-46C8-B843-328B4EFBA9C8}.Release|Any CPU.ActiveCfg = Release|Any CPU
		{024FA53A-4174-46C8-B843-328B4EFBA9C8}.Release|Any CPU.Build.0 = Release|Any CPU
		{03596397-9E5E-4E4C-ABB0-8E7585E07403}.Debug|Any CPU.ActiveCfg = Debug|Any CPU
		{03596397-9E5E-4E4C-ABB0-8E7585E07403}.Debug|Any CPU.Build.0 = Debug|Any CPU
		{03596397-9E5E-4E4C-ABB0-8E7585E07403}.Release|Any CPU.ActiveCfg = Release|Any CPU
		{03596397-9E5E-4E4C-ABB0-8E7585E07403}.Release|Any CPU.Build.0 = Release|Any CPU
		{FE3007FA-0941-4A75-9697-C22CB1CA8F15}.Debug|Any CPU.ActiveCfg = Debug|Any CPU
		{FE3007FA-0941-4A75-9697-C22CB1CA8F15}.Debug|Any CPU.Build.0 = Debug|Any CPU
		{FE3007FA-0941-4A75-9697-C22CB1CA8F15}.Release|Any CPU.ActiveCfg = Release|Any CPU
		{FE3007FA-0941-4A75-9697-C22CB1CA8F15}.Release|Any CPU.Build.0 = Release|Any CPU
	EndGlobalSection
	GlobalSection(SolutionProperties) = preSolution
		HideSolutionNode = FALSE
	EndGlobalSection
	GlobalSection(ExtensibilityGlobals) = postSolution
		SolutionGuid = {687423A6-FFF3-49A1-8C15-71176BBAD2DC}
	EndGlobalSection
EndGlobal
